
Microsoft Visual Studio Solution File, Format Version 12.00
# Visual Studio Version 17
VisualStudioVersion = 17.9.34728.123
MinimumVisualStudioVersion = 10.0.40219.1
Project("{FAE04EC0-301F-11D3-BF4B-00C04F79EFBC}") = "CustomContainer", "CustomContainer.csproj", "{ECCD4358-7673-4787-9F44-C231ED519767}"
EndProject
Global
	GlobalSection(SolutionConfigurationPlatforms) = preSolution
		Debug|Any CPU = Debug|Any CPU
		Release|Any CPU = Release|Any CPU
	EndGlobalSection
	GlobalSection(ProjectConfigurationPlatforms) = postSolution
		{ECCD4358-7673-4787-9F44-C231ED519767}.Debug|Any CPU.ActiveCfg = Debug|Any CPU
		{ECCD4358-7673-4787-9F44-C231ED519767}.Debug|Any CPU.Build.0 = Debug|Any CPU
		{ECCD4358-7673-4787-9F44-C231ED519767}.Release|Any CPU.ActiveCfg = Release|Any CPU
		{ECCD4358-7673-4787-9F44-C231ED519767}.Release|Any CPU.Build.0 = Release|Any CPU
	EndGlobalSection
	GlobalSection(SolutionProperties) = preSolution
		HideSolutionNode = FALSE
	EndGlobalSection
	GlobalSection(ExtensibilityGlobals) = postSolution
		SolutionGuid = {85E7FB9F-153E-43BE-9AA6-19820E837786}
	EndGlobalSection
EndGlobal
